
Microsoft Visual Studio Solution File, Format Version 12.00
# Visual Studio Version 16
VisualStudioVersion = 16.0.31424.327
MinimumVisualStudioVersion = 10.0.40219.1
Project("{FAE04EC0-301F-11D3-BF4B-00C04F79EFBC}") = "WindowsAutoInstalls", "WindowsAutoInstalls\WindowsAutoInstalls.csproj", "{7AA5524B-F74F-46AD-B277-96E0CB419323}"
EndProject
Global
	GlobalSection(SolutionConfigurationPlatforms) = preSolution
		Debug|Any CPU = Debug|Any CPU
		Release|Any CPU = Release|Any CPU
	EndGlobalSection
	GlobalSection(ProjectConfigurationPlatforms) = postSolution
		{7AA5524B-F74F-46AD-B277-96E0CB419323}.Debug|Any CPU.ActiveCfg = Debug|Any CPU
		{7AA5524B-F74F-46AD-B277-96E0CB419323}.Debug|Any CPU.Build.0 = Debug|Any CPU
		{7AA5524B-F74F-46AD-B277-96E0CB419323}.Release|Any CPU.ActiveCfg = Release|Any CPU
		{7AA5524B-F74F-46AD-B277-96E0CB419323}.Release|Any CPU.Build.0 = Release|Any CPU
	EndGlobalSection
	GlobalSection(SolutionProperties) = preSolution
		HideSolutionNode = FALSE
	EndGlobalSection
	GlobalSection(ExtensibilityGlobals) = postSolution
		SolutionGuid = {EF6A191D-85AC-4E80-B324-1F2493C084EB}
	EndGlobalSection
EndGlobal
